
Microsoft Visual Studio Solution File, Format Version 12.00
# Visual Studio 14
VisualStudioVersion = 14.0.25420.1
MinimumVisualStudioVersion = 10.0.40219.1
Project("{FAE04EC0-301F-11D3-BF4B-00C04F79EFBC}") = "FirstClient", "FirstClient\FirstClient.csproj", "{E43B2347-B116-493C-9A85-6E5106DA6ADE}"
EndProject
Project("{FAE04EC0-301F-11D3-BF4B-00C04F79EFBC}") = "FirstService", "FirstService\FirstService.csproj", "{09FE770D-A3C1-4170-BCF4-D7938A8E43D9}"
EndProject
Project("{FAE04EC0-301F-11D3-BF4B-00C04F79EFBC}") = "Buddy.Nancy461", "..\..\..\Buddy.Nancy\Buddy.Nancy461\Buddy.Nancy461.csproj", "{E0393636-6988-4862-A3E7-B30423D64864}"
EndProject
Project("{FAE04EC0-301F-11D3-BF4B-00C04F79EFBC}") = "Buddy461", "..\..\..\Buddy\Buddy461\Buddy461.csproj", "{C018C18E-3ACA-43C7-9097-5EDBF48F66F2}"
EndProject
Global
	GlobalSection(SolutionConfigurationPlatforms) = preSolution
		ClientDebug|Any CPU = ClientDebug|Any CPU
		ClientRelease|Any CPU = ClientRelease|Any CPU
		Debug|Any CPU = Debug|Any CPU
		DebugSL5|Any CPU = DebugSL5|Any CPU
		LogikosDebug|Any CPU = LogikosDebug|Any CPU
		LogikosRelease|Any CPU = LogikosRelease|Any CPU
		ProtechsDebug|Any CPU = ProtechsDebug|Any CPU
		ProtechsRelease|Any CPU = ProtechsRelease|Any CPU
		Release|Any CPU = Release|Any CPU
		WaterOutDebug|Any CPU = WaterOutDebug|Any CPU
		WaterOutRelease|Any CPU = WaterOutRelease|Any CPU
	EndGlobalSection
	GlobalSection(ProjectConfigurationPlatforms) = postSolution
		{E43B2347-B116-493C-9A85-6E5106DA6ADE}.ClientDebug|Any CPU.ActiveCfg = Debug|Any CPU
		{E43B2347-B116-493C-9A85-6E5106DA6ADE}.ClientDebug|Any CPU.Build.0 = Debug|Any CPU
		{E43B2347-B116-493C-9A85-6E5106DA6ADE}.ClientRelease|Any CPU.ActiveCfg = Release|Any CPU
		{E43B2347-B116-493C-9A85-6E5106DA6ADE}.ClientRelease|Any CPU.Build.0 = Release|Any CPU
		{E43B2347-B116-493C-9A85-6E5106DA6ADE}.Debug|Any CPU.ActiveCfg = Debug|Any CPU
		{E43B2347-B116-493C-9A85-6E5106DA6ADE}.Debug|Any CPU.Build.0 = Debug|Any CPU
		{E43B2347-B116-493C-9A85-6E5106DA6ADE}.DebugSL5|Any CPU.ActiveCfg = Debug|Any CPU
		{E43B2347-B116-493C-9A85-6E5106DA6ADE}.DebugSL5|Any CPU.Build.0 = Debug|Any CPU
		{E43B2347-B116-493C-9A85-6E5106DA6ADE}.LogikosDebug|Any CPU.ActiveCfg = Debug|Any CPU
		{E43B2347-B116-493C-9A85-6E5106DA6ADE}.LogikosDebug|Any CPU.Build.0 = Debug|Any CPU
		{E43B2347-B116-493C-9A85-6E5106DA6ADE}.LogikosRelease|Any CPU.ActiveCfg = Release|Any CPU
		{E43B2347-B116-493C-9A85-6E5106DA6ADE}.LogikosRelease|Any CPU.Build.0 = Release|Any CPU
		{E43B2347-B116-493C-9A85-6E5106DA6ADE}.ProtechsDebug|Any CPU.ActiveCfg = Debug|Any CPU
		{E43B2347-B116-493C-9A85-6E5106DA6ADE}.ProtechsDebug|Any CPU.Build.0 = Debug|Any CPU
		{E43B2347-B116-493C-9A85-6E5106DA6ADE}.ProtechsRelease|Any CPU.ActiveCfg = Release|Any CPU
		{E43B2347-B116-493C-9A85-6E5106DA6ADE}.ProtechsRelease|Any CPU.Build.0 = Release|Any CPU
		{E43B2347-B116-493C-9A85-6E5106DA6ADE}.Release|Any CPU.ActiveCfg = Release|Any CPU
		{E43B2347-B116-493C-9A85-6E5106DA6ADE}.Release|Any CPU.Build.0 = Release|Any CPU
		{E43B2347-B116-493C-9A85-6E5106DA6ADE}.WaterOutDebug|Any CPU.ActiveCfg = Debug|Any CPU
		{E43B2347-B116-493C-9A85-6E5106DA6ADE}.WaterOutDebug|Any CPU.Build.0 = Debug|Any CPU
		{E43B2347-B116-493C-9A85-6E5106DA6ADE}.WaterOutRelease|Any CPU.ActiveCfg = Release|Any CPU
		{E43B2347-B116-493C-9A85-6E5106DA6ADE}.WaterOutRelease|Any CPU.Build.0 = Release|Any CPU
		{09FE770D-A3C1-4170-BCF4-D7938A8E43D9}.ClientDebug|Any CPU.ActiveCfg = Debug|Any CPU
		{09FE770D-A3C1-4170-BCF4-D7938A8E43D9}.ClientDebug|Any CPU.Build.0 = Debug|Any CPU
		{09FE770D-A3C1-4170-BCF4-D7938A8E43D9}.ClientRelease|Any CPU.ActiveCfg = Release|Any CPU
		{09FE770D-A3C1-4170-BCF4-D7938A8E43D9}.ClientRelease|Any CPU.Build.0 = Release|Any CPU
		{09FE770D-A3C1-4170-BCF4-D7938A8E43D9}.Debug|Any CPU.ActiveCfg = Debug|Any CPU
		{09FE770D-A3C1-4170-BCF4-D7938A8E43D9}.Debug|Any CPU.Build.0 = Debug|Any CPU
		{09FE770D-A3C1-4170-BCF4-D7938A8E43D9}.DebugSL5|Any CPU.ActiveCfg = Debug|Any CPU
		{09FE770D-A3C1-4170-BCF4-D7938A8E43D9}.DebugSL5|Any CPU.Build.0 = Debug|Any CPU
		{09FE770D-A3C1-4170-BCF4-D7938A8E43D9}.LogikosDebug|Any CPU.ActiveCfg = Debug|Any CPU
		{09FE770D-A3C1-4170-BCF4-D7938A8E43D9}.LogikosDebug|Any CPU.Build.0 = Debug|Any CPU
		{09FE770D-A3C1-4170-BCF4-D7938A8E43D9}.LogikosRelease|Any CPU.ActiveCfg = Release|Any CPU
		{09FE770D-A3C1-4170-BCF4-D7938A8E43D9}.LogikosRelease|Any CPU.Build.0 = Release|Any CPU
		{09FE770D-A3C1-4170-BCF4-D7938A8E43D9}.ProtechsDebug|Any CPU.ActiveCfg = Debug|Any CPU
		{09FE770D-A3C1-4170-BCF4-D7938A8E43D9}.ProtechsDebug|Any CPU.Build.0 = Debug|Any CPU
		{09FE770D-A3C1-4170-BCF4-D7938A8E43D9}.ProtechsRelease|Any CPU.ActiveCfg = Release|Any CPU
		{09FE770D-A3C1-4170-BCF4-D7938A8E43D9}.ProtechsRelease|Any CPU.Build.0 = Release|Any CPU
		{09FE770D-A3C1-4170-BCF4-D7938A8E43D9}.Release|Any CPU.ActiveCfg = Release|Any CPU
		{09FE770D-A3C1-4170-BCF4-D7938A8E43D9}.Release|Any CPU.Build.0 = Release|Any CPU
		{09FE770D-A3C1-4170-BCF4-D7938A8E43D9}.WaterOutDebug|Any CPU.ActiveCfg = Debug|Any CPU
		{09FE770D-A3C1-4170-BCF4-D7938A8E43D9}.WaterOutDebug|Any CPU.Build.0 = Debug|Any CPU
		{09FE770D-A3C1-4170-BCF4-D7938A8E43D9}.WaterOutRelease|Any CPU.ActiveCfg = Release|Any CPU
		{09FE770D-A3C1-4170-BCF4-D7938A8E43D9}.WaterOutRelease|Any CPU.Build.0 = Release|Any CPU
		{E0393636-6988-4862-A3E7-B30423D64864}.ClientDebug|Any CPU.ActiveCfg = ClientDebug|Any CPU
		{E0393636-6988-4862-A3E7-B30423D64864}.ClientDebug|Any CPU.Build.0 = ClientDebug|Any CPU
		{E0393636-6988-4862-A3E7-B30423D64864}.ClientRelease|Any CPU.ActiveCfg = ClientRelease|Any CPU
		{E0393636-6988-4862-A3E7-B30423D64864}.ClientRelease|Any CPU.Build.0 = ClientRelease|Any CPU
		{E0393636-6988-4862-A3E7-B30423D64864}.Debug|Any CPU.ActiveCfg = Debug|Any CPU
		{E0393636-6988-4862-A3E7-B30423D64864}.Debug|Any CPU.Build.0 = Debug|Any CPU
		{E0393636-6988-4862-A3E7-B30423D64864}.DebugSL5|Any CPU.ActiveCfg = DebugSL5|Any CPU
		{E0393636-6988-4862-A3E7-B30423D64864}.DebugSL5|Any CPU.Build.0 = DebugSL5|Any CPU
		{E0393636-6988-4862-A3E7-B30423D64864}.LogikosDebug|Any CPU.ActiveCfg = LogikosDebug|Any CPU
		{E0393636-6988-4862-A3E7-B30423D64864}.LogikosDebug|Any CPU.Build.0 = LogikosDebug|Any CPU
		{E0393636-6988-4862-A3E7-B30423D64864}.LogikosRelease|Any CPU.ActiveCfg = LogikosRelease|Any CPU
		{E0393636-6988-4862-A3E7-B30423D64864}.LogikosRelease|Any CPU.Build.0 = LogikosRelease|Any CPU
		{E0393636-6988-4862-A3E7-B30423D64864}.ProtechsDebug|Any CPU.ActiveCfg = ProtechsDebug|Any CPU
		{E0393636-6988-4862-A3E7-B30423D64864}.ProtechsDebug|Any CPU.Build.0 = ProtechsDebug|Any CPU
		{E0393636-6988-4862-A3E7-B30423D64864}.ProtechsRelease|Any CPU.ActiveCfg = ProtechsRelease|Any CPU
		{E0393636-6988-4862-A3E7-B30423D64864}.ProtechsRelease|Any CPU.Build.0 = ProtechsRelease|Any CPU
		{E0393636-6988-4862-A3E7-B30423D64864}.Release|Any CPU.ActiveCfg = Release|Any CPU
		{E0393636-6988-4862-A3E7-B30423D64864}.Release|Any CPU.Build.0 = Release|Any CPU
		{E0393636-6988-4862-A3E7-B30423D64864}.WaterOutDebug|Any CPU.ActiveCfg = WaterOutDebug|Any CPU
		{E0393636-6988-4862-A3E7-B30423D64864}.WaterOutDebug|Any CPU.Build.0 = WaterOutDebug|Any CPU
		{E0393636-6988-4862-A3E7-B30423D64864}.WaterOutRelease|Any CPU.ActiveCfg = WaterOutRelease|Any CPU
		{E0393636-6988-4862-A3E7-B30423D64864}.WaterOutRelease|Any CPU.Build.0 = WaterOutRelease|Any CPU
		{C018C18E-3ACA-43C7-9097-5EDBF48F66F2}.ClientDebug|Any CPU.ActiveCfg = ClientDebug|Any CPU
		{C018C18E-3ACA-43C7-9097-5EDBF48F66F2}.ClientDebug|Any CPU.Build.0 = ClientDebug|Any CPU
		{C018C18E-3ACA-43C7-9097-5EDBF48F66F2}.ClientRelease|Any CPU.ActiveCfg = ClientRelease|Any CPU
		{C018C18E-3ACA-43C7-9097-5EDBF48F66F2}.ClientRelease|Any CPU.Build.0 = ClientRelease|Any CPU
		{C018C18E-3ACA-43C7-9097-5EDBF48F66F2}.Debug|Any CPU.ActiveCfg = Debug|Any CPU
		{C018C18E-3ACA-43C7-9097-5EDBF48F66F2}.Debug|Any CPU.Build.0 = Debug|Any CPU
		{C018C18E-3ACA-43C7-9097-5EDBF48F66F2}.DebugSL5|Any CPU.ActiveCfg = DebugSL5|Any CPU
		{C018C18E-3ACA-43C7-9097-5EDBF48F66F2}.DebugSL5|Any CPU.Build.0 = DebugSL5|Any CPU
		{C018C18E-3ACA-43C7-9097-5EDBF48F66F2}.LogikosDebug|Any CPU.ActiveCfg = LogikosDebug|Any CPU
		{C018C18E-3ACA-43C7-9097-5EDBF48F66F2}.LogikosDebug|Any CPU.Build.0 = LogikosDebug|Any CPU
		{C018C18E-3ACA-43C7-9097-5EDBF48F66F2}.LogikosRelease|Any CPU.ActiveCfg = LogikosRelease|Any CPU
		{C018C18E-3ACA-43C7-9097-5EDBF48F66F2}.LogikosRelease|Any CPU.Build.0 = LogikosRelease|Any CPU
		{C018C18E-3ACA-43C7-9097-5EDBF48F66F2}.ProtechsDebug|Any CPU.ActiveCfg = ProtechsDebug|Any CPU
		{C018C18E-3ACA-43C7-9097-5EDBF48F66F2}.ProtechsDebug|Any CPU.Build.0 = ProtechsDebug|Any CPU
		{C018C18E-3ACA-43C7-9097-5EDBF48F66F2}.ProtechsRelease|Any CPU.ActiveCfg = ProtechsRelease|Any CPU
		{C018C18E-3ACA-43C7-9097-5EDBF48F66F2}.ProtechsRelease|Any CPU.Build.0 = ProtechsRelease|Any CPU
		{C018C18E-3ACA-43C7-9097-5EDBF48F66F2}.Release|Any CPU.ActiveCfg = Release|Any CPU
		{C018C18E-3ACA-43C7-9097-5EDBF48F66F2}.Release|Any CPU.Build.0 = Release|Any CPU
		{C018C18E-3ACA-43C7-9097-5EDBF48F66F2}.WaterOutDebug|Any CPU.ActiveCfg = WaterOutDebug|Any CPU
		{C018C18E-3ACA-43C7-9097-5EDBF48F66F2}.WaterOutDebug|Any CPU.Build.0 = WaterOutDebug|Any CPU
		{C018C18E-3ACA-43C7-9097-5EDBF48F66F2}.WaterOutRelease|Any CPU.ActiveCfg = WaterOutRelease|Any CPU
		{C018C18E-3ACA-43C7-9097-5EDBF48F66F2}.WaterOutRelease|Any CPU.Build.0 = WaterOutRelease|Any CPU
	EndGlobalSection
	GlobalSection(SolutionProperties) = preSolution
		HideSolutionNode = FALSE
	EndGlobalSection
EndGlobal
